
Microsoft Visual Studio Solution File, Format Version 12.00
# Visual Studio Version 17
VisualStudioVersion = 17.8.34525.116
MinimumVisualStudioVersion = 10.0.40219.1
Project("{FAE04EC0-301F-11D3-BF4B-00C04F79EFBC}") = "IntroTraning2", "IntroTraning2\IntroTraning2.csproj", "{D1FE69E8-7AC6-49BF-832E-1EB5BC020036}"
EndProject
Global
	GlobalSection(SolutionConfigurationPlatforms) = preSolution
		Debug|Any CPU = Debug|Any CPU
		Release|Any CPU = Release|Any CPU
	EndGlobalSection
	GlobalSection(ProjectConfigurationPlatforms) = postSolution
		{D1FE69E8-7AC6-49BF-832E-1EB5BC020036}.Debug|Any CPU.ActiveCfg = Debug|Any CPU
		{D1FE69E8-7AC6-49BF-832E-1EB5BC020036}.Debug|Any CPU.Build.0 = Debug|Any CPU
		{D1FE69E8-7AC6-49BF-832E-1EB5BC020036}.Release|Any CPU.ActiveCfg = Release|Any CPU
		{D1FE69E8-7AC6-49BF-832E-1EB5BC020036}.Release|Any CPU.Build.0 = Release|Any CPU
	EndGlobalSection
	GlobalSection(SolutionProperties) = preSolution
		HideSolutionNode = FALSE
	EndGlobalSection
	GlobalSection(ExtensibilityGlobals) = postSolution
		SolutionGuid = {7D20A04D-67EE-4F1E-9452-CE6E997F3A92}
	EndGlobalSection
EndGlobal
